
Microsoft Visual Studio Solution File, Format Version 12.00
# Visual Studio Version 16
VisualStudioVersion = 16.0.29613.14
MinimumVisualStudioVersion = 10.0.40219.1
Project("{FAE04EC0-301F-11D3-BF4B-00C04F79EFBC}") = "Vehicle.Common", "Vehicle.Common\Vehicle.Common.csproj", "{A38F199A-D618-48D4-9705-E7B731F03167}"
EndProject
Project("{FAE04EC0-301F-11D3-BF4B-00C04F79EFBC}") = "Vehicle.DAL", "Vehicle.DAL\Vehicle.DAL.csproj", "{6801EF07-5372-4EF2-9522-CC6439C840E1}"
EndProject
Project("{FAE04EC0-301F-11D3-BF4B-00C04F79EFBC}") = "Vehicle.Models", "Vehicle.Models\Vehicle.Models.csproj", "{769E511D-222E-48D6-B9C7-576462B37D24}"
EndProject
Project("{FAE04EC0-301F-11D3-BF4B-00C04F79EFBC}") = "Vehicle.Models.Common", "Vehicle.Models.Common\Vehicle.Models.Common.csproj", "{3883D861-7D1C-43CE-97B5-2C00E097338A}"
EndProject
Project("{FAE04EC0-301F-11D3-BF4B-00C04F79EFBC}") = "Vehicle.MVC", "Vehicle.MVC\Vehicle.MVC.csproj", "{325C851C-73A5-4C2D-A3F0-2DC2F4A77791}"
EndProject
Project("{FAE04EC0-301F-11D3-BF4B-00C04F79EFBC}") = "Vehicle.Repository", "Vehicle.Repository\Vehicle.Repository.csproj", "{B29EFAAF-93EB-4807-810B-76CEC318EF35}"
EndProject
Project("{FAE04EC0-301F-11D3-BF4B-00C04F79EFBC}") = "Vehicle.Repository.Common", "Vehicle.Repository.Common\Vehicle.Repository.Common.csproj", "{538215C3-C1BC-45AC-B970-55EC3E886115}"
EndProject
Project("{FAE04EC0-301F-11D3-BF4B-00C04F79EFBC}") = "Vehicle.Services", "Vehicle.Services\Vehicle.Services.csproj", "{E880EE9E-1CA1-4958-9BC0-8E5A0A647691}"
EndProject
Project("{FAE04EC0-301F-11D3-BF4B-00C04F79EFBC}") = "Vehicle.Services.Common", "Vehicle.Services.Common\Vehicle.Services.Common.csproj", "{412BA08C-C874-43D8-988E-2ADE0ED48BDF}"
EndProject
Global
	GlobalSection(SolutionConfigurationPlatforms) = preSolution
		Debug|Any CPU = Debug|Any CPU
		Release|Any CPU = Release|Any CPU
	EndGlobalSection
	GlobalSection(ProjectConfigurationPlatforms) = postSolution
		{A38F199A-D618-48D4-9705-E7B731F03167}.Debug|Any CPU.ActiveCfg = Debug|Any CPU
		{A38F199A-D618-48D4-9705-E7B731F03167}.Debug|Any CPU.Build.0 = Debug|Any CPU
		{A38F199A-D618-48D4-9705-E7B731F03167}.Release|Any CPU.ActiveCfg = Release|Any CPU
		{A38F199A-D618-48D4-9705-E7B731F03167}.Release|Any CPU.Build.0 = Release|Any CPU
		{6801EF07-5372-4EF2-9522-CC6439C840E1}.Debug|Any CPU.ActiveCfg = Debug|Any CPU
		{6801EF07-5372-4EF2-9522-CC6439C840E1}.Debug|Any CPU.Build.0 = Debug|Any CPU
		{6801EF07-5372-4EF2-9522-CC6439C840E1}.Release|Any CPU.ActiveCfg = Release|Any CPU
		{6801EF07-5372-4EF2-9522-CC6439C840E1}.Release|Any CPU.Build.0 = Release|Any CPU
		{769E511D-222E-48D6-B9C7-576462B37D24}.Debug|Any CPU.ActiveCfg = Debug|Any CPU
		{769E511D-222E-48D6-B9C7-576462B37D24}.Debug|Any CPU.Build.0 = Debug|Any CPU
		{769E511D-222E-48D6-B9C7-576462B37D24}.Release|Any CPU.ActiveCfg = Release|Any CPU
		{769E511D-222E-48D6-B9C7-576462B37D24}.Release|Any CPU.Build.0 = Release|Any CPU
		{3883D861-7D1C-43CE-97B5-2C00E097338A}.Debug|Any CPU.ActiveCfg = Debug|Any CPU
		{3883D861-7D1C-43CE-97B5-2C00E097338A}.Debug|Any CPU.Build.0 = Debug|Any CPU
		{3883D861-7D1C-43CE-97B5-2C00E097338A}.Release|Any CPU.ActiveCfg = Release|Any CPU
		{3883D861-7D1C-43CE-97B5-2C00E097338A}.Release|Any CPU.Build.0 = Release|Any CPU
		{325C851C-73A5-4C2D-A3F0-2DC2F4A77791}.Debug|Any CPU.ActiveCfg = Debug|Any CPU
		{325C851C-73A5-4C2D-A3F0-2DC2F4A77791}.Debug|Any CPU.Build.0 = Debug|Any CPU
		{325C851C-73A5-4C2D-A3F0-2DC2F4A77791}.Release|Any CPU.ActiveCfg = Release|Any CPU
		{325C851C-73A5-4C2D-A3F0-2DC2F4A77791}.Release|Any CPU.Build.0 = Release|Any CPU
		{B29EFAAF-93EB-4807-810B-76CEC318EF35}.Debug|Any CPU.ActiveCfg = Debug|Any CPU
		{B29EFAAF-93EB-4807-810B-76CEC318EF35}.Debug|Any CPU.Build.0 = Debug|Any CPU
		{B29EFAAF-93EB-4807-810B-76CEC318EF35}.Release|Any CPU.ActiveCfg = Release|Any CPU
		{B29EFAAF-93EB-4807-810B-76CEC318EF35}.Release|Any CPU.Build.0 = Release|Any CPU
		{538215C3-C1BC-45AC-B970-55EC3E886115}.Debug|Any CPU.ActiveCfg = Debug|Any CPU
		{538215C3-C1BC-45AC-B970-55EC3E886115}.Debug|Any CPU.Build.0 = Debug|Any CPU
		{538215C3-C1BC-45AC-B970-55EC3E886115}.Release|Any CPU.ActiveCfg = Release|Any CPU
		{538215C3-C1BC-45AC-B970-55EC3E886115}.Release|Any CPU.Build.0 = Release|Any CPU
		{E880EE9E-1CA1-4958-9BC0-8E5A0A647691}.Debug|Any CPU.ActiveCfg = Debug|Any CPU
		{E880EE9E-1CA1-4958-9BC0-8E5A0A647691}.Debug|Any CPU.Build.0 = Debug|Any CPU
		{E880EE9E-1CA1-4958-9BC0-8E5A0A647691}.Release|Any CPU.ActiveCfg = Release|Any CPU
		{E880EE9E-1CA1-4958-9BC0-8E5A0A647691}.Release|Any CPU.Build.0 = Release|Any CPU
		{412BA08C-C874-43D8-988E-2ADE0ED48BDF}.Debug|Any CPU.ActiveCfg = Debug|Any CPU
		{412BA08C-C874-43D8-988E-2ADE0ED48BDF}.Debug|Any CPU.Build.0 = Debug|Any CPU
		{412BA08C-C874-43D8-988E-2ADE0ED48BDF}.Release|Any CPU.ActiveCfg = Release|Any CPU
		{412BA08C-C874-43D8-988E-2ADE0ED48BDF}.Release|Any CPU.Build.0 = Release|Any CPU
	EndGlobalSection
	GlobalSection(SolutionProperties) = preSolution
		HideSolutionNode = FALSE
	EndGlobalSection
	GlobalSection(ExtensibilityGlobals) = postSolution
		SolutionGuid = {0EB7876A-9F62-4747-8976-94D0169FE7BC}
	EndGlobalSection
EndGlobal
